
Microsoft Visual Studio Solution File, Format Version 12.00
# Visual Studio 15
VisualStudioVersion = 15.0.28010.2036
MinimumVisualStudioVersion = 10.0.40219.1
Project("{FAE04EC0-301F-11D3-BF4B-00C04F79EFBC}") = "GrandCircusLab13", "GrandCircusLab13\GrandCircusLab13.csproj", "{348E7CA2-F5D0-49CA-BA7E-99E2DD803CC4}"
EndProject
Global
	GlobalSection(SolutionConfigurationPlatforms) = preSolution
		Debug|Any CPU = Debug|Any CPU
		Release|Any CPU = Release|Any CPU
	EndGlobalSection
	GlobalSection(ProjectConfigurationPlatforms) = postSolution
		{348E7CA2-F5D0-49CA-BA7E-99E2DD803CC4}.Debug|Any CPU.ActiveCfg = Debug|Any CPU
		{348E7CA2-F5D0-49CA-BA7E-99E2DD803CC4}.Debug|Any CPU.Build.0 = Debug|Any CPU
		{348E7CA2-F5D0-49CA-BA7E-99E2DD803CC4}.Release|Any CPU.ActiveCfg = Release|Any CPU
		{348E7CA2-F5D0-49CA-BA7E-99E2DD803CC4}.Release|Any CPU.Build.0 = Release|Any CPU
	EndGlobalSection
	GlobalSection(SolutionProperties) = preSolution
		HideSolutionNode = FALSE
	EndGlobalSection
	GlobalSection(ExtensibilityGlobals) = postSolution
		SolutionGuid = {6F2B4147-0171-4A8E-B267-EB5E9B5170EF}
	EndGlobalSection
EndGlobal
